
Microsoft Visual Studio Solution File, Format Version 12.00
# Visual Studio Version 17
VisualStudioVersion = 17.3.32825.248
MinimumVisualStudioVersion = 10.0.40219.1
Project("{FAE04EC0-301F-11D3-BF4B-00C04F79EFBC}") = "Git_try", "Git_try\Git_try.csproj", "{568F41F0-5905-4C06-97C0-3BA00B9B0DF5}"
EndProject
Global
	GlobalSection(SolutionConfigurationPlatforms) = preSolution
		Debug|Any CPU = Debug|Any CPU
		Release|Any CPU = Release|Any CPU
	EndGlobalSection
	GlobalSection(ProjectConfigurationPlatforms) = postSolution
		{568F41F0-5905-4C06-97C0-3BA00B9B0DF5}.Debug|Any CPU.ActiveCfg = Debug|Any CPU
		{568F41F0-5905-4C06-97C0-3BA00B9B0DF5}.Debug|Any CPU.Build.0 = Debug|Any CPU
		{568F41F0-5905-4C06-97C0-3BA00B9B0DF5}.Release|Any CPU.ActiveCfg = Release|Any CPU
		{568F41F0-5905-4C06-97C0-3BA00B9B0DF5}.Release|Any CPU.Build.0 = Release|Any CPU
	EndGlobalSection
	GlobalSection(SolutionProperties) = preSolution
		HideSolutionNode = FALSE
	EndGlobalSection
	GlobalSection(ExtensibilityGlobals) = postSolution
		SolutionGuid = {DB430151-D94C-4EBF-BA15-E5926E396958}
	EndGlobalSection
EndGlobal
